
Microsoft Visual Studio Solution File, Format Version 12.00
# Visual Studio Version 17
VisualStudioVersion = 17.11.35327.3
MinimumVisualStudioVersion = 10.0.40219.1
Project("{FAE04EC0-301F-11D3-BF4B-00C04F79EFBC}") = "PassBokning", "PassBokning.csproj", "{9BB54DA4-F29C-476B-B59E-5C3065AED16A}"
EndProject
Global
	GlobalSection(SolutionConfigurationPlatforms) = preSolution
		Debug|Any CPU = Debug|Any CPU
		Release|Any CPU = Release|Any CPU
	EndGlobalSection
	GlobalSection(ProjectConfigurationPlatforms) = postSolution
		{9BB54DA4-F29C-476B-B59E-5C3065AED16A}.Debug|Any CPU.ActiveCfg = Debug|Any CPU
		{9BB54DA4-F29C-476B-B59E-5C3065AED16A}.Debug|Any CPU.Build.0 = Debug|Any CPU
		{9BB54DA4-F29C-476B-B59E-5C3065AED16A}.Release|Any CPU.ActiveCfg = Release|Any CPU
		{9BB54DA4-F29C-476B-B59E-5C3065AED16A}.Release|Any CPU.Build.0 = Release|Any CPU
	EndGlobalSection
	GlobalSection(SolutionProperties) = preSolution
		HideSolutionNode = FALSE
	EndGlobalSection
	GlobalSection(ExtensibilityGlobals) = postSolution
		SolutionGuid = {5930A5CB-7873-475E-A4F8-6A845047C86C}
	EndGlobalSection
EndGlobal
